
Microsoft Visual Studio Solution File, Format Version 12.00
# Visual Studio Version 16
VisualStudioVersion = 16.0.30128.74
MinimumVisualStudioVersion = 10.0.40219.1
Project("{2150E333-8FDC-42A3-9474-1A3956D46DE8}") = "Microservices", "Microservices", "{E84E6EEC-CE4D-4788-AC3B-20FD49C569DD}"
EndProject
Project("{2150E333-8FDC-42A3-9474-1A3956D46DE8}") = "Domain", "Domain", "{4DF98924-3D08-4B7C-8990-A13E0681CD0B}"
EndProject
Project("{2150E333-8FDC-42A3-9474-1A3956D46DE8}") = "Infra.Bus", "Infra.Bus", "{4DDC6F32-B22A-4A41-B95E-8234557707FB}"
EndProject
Project("{2150E333-8FDC-42A3-9474-1A3956D46DE8}") = "Infra.IOC", "Infra.IOC", "{A20E2FEC-2612-49C9-ACE1-DAB3087694C0}"
EndProject
Project("{2150E333-8FDC-42A3-9474-1A3956D46DE8}") = "Presentation", "Presentation", "{6382C780-2AE0-4AFA-9972-60EBBA9D24F3}"
EndProject
Project("{FAE04EC0-301F-11D3-BF4B-00C04F79EFBC}") = "Microrabbit.Domain.Core", "Microrabbit.Domain.Core\Microrabbit.Domain.Core.csproj", "{3F379552-4042-4FD9-8E48-C81B5A39E2D4}"
EndProject
Project("{FAE04EC0-301F-11D3-BF4B-00C04F79EFBC}") = "Microrabbit.Infra.Bus", "Microrabbit.Infra.Bus\Microrabbit.Infra.Bus.csproj", "{77A97106-58D8-45E1-A8AF-51AE4B61D497}"
EndProject
Project("{FAE04EC0-301F-11D3-BF4B-00C04F79EFBC}") = "Microrabbit.Infra.IoC", "Microrabbit.Infra.IoC\Microrabbit.Infra.IoC.csproj", "{1126745A-F428-42AE-9808-8C75C407DEA4}"
EndProject
Project("{2150E333-8FDC-42A3-9474-1A3956D46DE8}") = "Banking", "Banking", "{EA7C102A-83D9-4919-BC90-048056F9979C}"
EndProject
Project("{2150E333-8FDC-42A3-9474-1A3956D46DE8}") = "Api", "Api", "{E097FFD3-30F4-4F69-9CAA-B578759A88AE}"
EndProject
Project("{2150E333-8FDC-42A3-9474-1A3956D46DE8}") = "Domain", "Domain", "{F65AA1FF-B9A0-461E-B3C0-F6B66C78151D}"
EndProject
Project("{2150E333-8FDC-42A3-9474-1A3956D46DE8}") = "Application", "Application", "{E03DA094-100F-4A07-AB88-15729D1FB2C6}"
EndProject
Project("{2150E333-8FDC-42A3-9474-1A3956D46DE8}") = "Data", "Data", "{81BACE28-7B27-4C73-9BD0-B8C6A0DCF96D}"
EndProject
Project("{FAE04EC0-301F-11D3-BF4B-00C04F79EFBC}") = "Microrabbit.Banking.Api", "Microrabbit.banking.Api\Microrabbit.Banking.Api.csproj", "{D23F4EE5-D8A9-42DF-B5F1-1BE0C271EB53}"
EndProject
Project("{FAE04EC0-301F-11D3-BF4B-00C04F79EFBC}") = "Microrabbit.Banking.Application", "Microrabbit.Banking.Application\Microrabbit.Banking.Application.csproj", "{607F55AB-CFFC-4036-9B01-91738F04C300}"
EndProject
Project("{FAE04EC0-301F-11D3-BF4B-00C04F79EFBC}") = "Microrabbit.Banking.Data", "Microrabbit.Banking.Data\Microrabbit.Banking.Data.csproj", "{ED8C081B-ECFC-420B-996B-C138F947091A}"
EndProject
Project("{FAE04EC0-301F-11D3-BF4B-00C04F79EFBC}") = "Microrabbit.Banking.Domain", "Microrabbit.Banking.Domain\Microrabbit.Banking.Domain.csproj", "{4E6ADD99-DEFF-4D09-998A-9ACC4EBCD5C3}"
EndProject
Project("{2150E333-8FDC-42A3-9474-1A3956D46DE8}") = "Transfer", "Transfer", "{331614EB-4572-45C1-AF3A-7F3B7F26AD72}"
EndProject
Project("{2150E333-8FDC-42A3-9474-1A3956D46DE8}") = "Api", "Api", "{C33E231B-A2B6-457E-9D65-DE4B3879B311}"
EndProject
Project("{2150E333-8FDC-42A3-9474-1A3956D46DE8}") = "Application", "Application", "{AF266648-25FA-4621-BFF0-79BC86C455DC}"
EndProject
Project("{2150E333-8FDC-42A3-9474-1A3956D46DE8}") = "Domain", "Domain", "{F5B8A110-68A2-4040-A4B0-B361F3C33C0C}"
EndProject
Project("{2150E333-8FDC-42A3-9474-1A3956D46DE8}") = "Data", "Data", "{E0A95B22-308D-4B3B-8E38-2010EC90977F}"
EndProject
Project("{FAE04EC0-301F-11D3-BF4B-00C04F79EFBC}") = "Microrabbit.Transfer.Api", "Microrabbit.Transfer.Api\Microrabbit.Transfer.Api.csproj", "{63596BDE-98E7-4D36-8229-F0C0C70A861A}"
EndProject
Project("{FAE04EC0-301F-11D3-BF4B-00C04F79EFBC}") = "Microrabbit.Transfer.Application", "Microrabbit.Transfer.Application\Microrabbit.Transfer.Application.csproj", "{21D1B567-72D0-4944-9095-0FDFE42C0F77}"
EndProject
Project("{FAE04EC0-301F-11D3-BF4B-00C04F79EFBC}") = "Microrabbit.Transfer.Data", "Microrabbit.Transfer.Data\Microrabbit.Transfer.Data.csproj", "{5A354DAF-19E1-4382-AD42-33244787E317}"
EndProject
Project("{FAE04EC0-301F-11D3-BF4B-00C04F79EFBC}") = "Microrabbit.Transfer.Domain", "Microrabbit.Transfer.Domain\Microrabbit.Transfer.Domain.csproj", "{D18CA4D7-EAF8-4D18-9404-DD2FE6702A72}"
EndProject
Global
	GlobalSection(SolutionConfigurationPlatforms) = preSolution
		Debug|Any CPU = Debug|Any CPU
		Release|Any CPU = Release|Any CPU
	EndGlobalSection
	GlobalSection(ProjectConfigurationPlatforms) = postSolution
		{3F379552-4042-4FD9-8E48-C81B5A39E2D4}.Debug|Any CPU.ActiveCfg = Debug|Any CPU
		{3F379552-4042-4FD9-8E48-C81B5A39E2D4}.Debug|Any CPU.Build.0 = Debug|Any CPU
		{3F379552-4042-4FD9-8E48-C81B5A39E2D4}.Release|Any CPU.ActiveCfg = Release|Any CPU
		{3F379552-4042-4FD9-8E48-C81B5A39E2D4}.Release|Any CPU.Build.0 = Release|Any CPU
		{77A97106-58D8-45E1-A8AF-51AE4B61D497}.Debug|Any CPU.ActiveCfg = Debug|Any CPU
		{77A97106-58D8-45E1-A8AF-51AE4B61D497}.Debug|Any CPU.Build.0 = Debug|Any CPU
		{77A97106-58D8-45E1-A8AF-51AE4B61D497}.Release|Any CPU.ActiveCfg = Release|Any CPU
		{77A97106-58D8-45E1-A8AF-51AE4B61D497}.Release|Any CPU.Build.0 = Release|Any CPU
		{1126745A-F428-42AE-9808-8C75C407DEA4}.Debug|Any CPU.ActiveCfg = Debug|Any CPU
		{1126745A-F428-42AE-9808-8C75C407DEA4}.Debug|Any CPU.Build.0 = Debug|Any CPU
		{1126745A-F428-42AE-9808-8C75C407DEA4}.Release|Any CPU.ActiveCfg = Release|Any CPU
		{1126745A-F428-42AE-9808-8C75C407DEA4}.Release|Any CPU.Build.0 = Release|Any CPU
		{D23F4EE5-D8A9-42DF-B5F1-1BE0C271EB53}.Debug|Any CPU.ActiveCfg = Debug|Any CPU
		{D23F4EE5-D8A9-42DF-B5F1-1BE0C271EB53}.Debug|Any CPU.Build.0 = Debug|Any CPU
		{D23F4EE5-D8A9-42DF-B5F1-1BE0C271EB53}.Release|Any CPU.ActiveCfg = Release|Any CPU
		{D23F4EE5-D8A9-42DF-B5F1-1BE0C271EB53}.Release|Any CPU.Build.0 = Release|Any CPU
		{607F55AB-CFFC-4036-9B01-91738F04C300}.Debug|Any CPU.ActiveCfg = Debug|Any CPU
		{607F55AB-CFFC-4036-9B01-91738F04C300}.Debug|Any CPU.Build.0 = Debug|Any CPU
		{607F55AB-CFFC-4036-9B01-91738F04C300}.Release|Any CPU.ActiveCfg = Release|Any CPU
		{607F55AB-CFFC-4036-9B01-91738F04C300}.Release|Any CPU.Build.0 = Release|Any CPU
		{ED8C081B-ECFC-420B-996B-C138F947091A}.Debug|Any CPU.ActiveCfg = Debug|Any CPU
		{ED8C081B-ECFC-420B-996B-C138F947091A}.Debug|Any CPU.Build.0 = Debug|Any CPU
		{ED8C081B-ECFC-420B-996B-C138F947091A}.Release|Any CPU.ActiveCfg = Release|Any CPU
		{ED8C081B-ECFC-420B-996B-C138F947091A}.Release|Any CPU.Build.0 = Release|Any CPU
		{4E6ADD99-DEFF-4D09-998A-9ACC4EBCD5C3}.Debug|Any CPU.ActiveCfg = Debug|Any CPU
		{4E6ADD99-DEFF-4D09-998A-9ACC4EBCD5C3}.Debug|Any CPU.Build.0 = Debug|Any CPU
		{4E6ADD99-DEFF-4D09-998A-9ACC4EBCD5C3}.Release|Any CPU.ActiveCfg = Release|Any CPU
		{4E6ADD99-DEFF-4D09-998A-9ACC4EBCD5C3}.Release|Any CPU.Build.0 = Release|Any CPU
		{63596BDE-98E7-4D36-8229-F0C0C70A861A}.Debug|Any CPU.ActiveCfg = Debug|Any CPU
		{63596BDE-98E7-4D36-8229-F0C0C70A861A}.Debug|Any CPU.Build.0 = Debug|Any CPU
		{63596BDE-98E7-4D36-8229-F0C0C70A861A}.Release|Any CPU.ActiveCfg = Release|Any CPU
		{63596BDE-98E7-4D36-8229-F0C0C70A861A}.Release|Any CPU.Build.0 = Release|Any CPU
		{21D1B567-72D0-4944-9095-0FDFE42C0F77}.Debug|Any CPU.ActiveCfg = Debug|Any CPU
		{21D1B567-72D0-4944-9095-0FDFE42C0F77}.Debug|Any CPU.Build.0 = Debug|Any CPU
		{21D1B567-72D0-4944-9095-0FDFE42C0F77}.Release|Any CPU.ActiveCfg = Release|Any CPU
		{21D1B567-72D0-4944-9095-0FDFE42C0F77}.Release|Any CPU.Build.0 = Release|Any CPU
		{5A354DAF-19E1-4382-AD42-33244787E317}.Debug|Any CPU.ActiveCfg = Debug|Any CPU
		{5A354DAF-19E1-4382-AD42-33244787E317}.Debug|Any CPU.Build.0 = Debug|Any CPU
		{5A354DAF-19E1-4382-AD42-33244787E317}.Release|Any CPU.ActiveCfg = Release|Any CPU
		{5A354DAF-19E1-4382-AD42-33244787E317}.Release|Any CPU.Build.0 = Release|Any CPU
		{D18CA4D7-EAF8-4D18-9404-DD2FE6702A72}.Debug|Any CPU.ActiveCfg = Debug|Any CPU
		{D18CA4D7-EAF8-4D18-9404-DD2FE6702A72}.Debug|Any CPU.Build.0 = Debug|Any CPU
		{D18CA4D7-EAF8-4D18-9404-DD2FE6702A72}.Release|Any CPU.ActiveCfg = Release|Any CPU
		{D18CA4D7-EAF8-4D18-9404-DD2FE6702A72}.Release|Any CPU.Build.0 = Release|Any CPU
	EndGlobalSection
	GlobalSection(SolutionProperties) = preSolution
		HideSolutionNode = FALSE
	EndGlobalSection
	GlobalSection(NestedProjects) = preSolution
		{3F379552-4042-4FD9-8E48-C81B5A39E2D4} = {4DF98924-3D08-4B7C-8990-A13E0681CD0B}
		{77A97106-58D8-45E1-A8AF-51AE4B61D497} = {4DDC6F32-B22A-4A41-B95E-8234557707FB}
		{1126745A-F428-42AE-9808-8C75C407DEA4} = {A20E2FEC-2612-49C9-ACE1-DAB3087694C0}
		{EA7C102A-83D9-4919-BC90-048056F9979C} = {E84E6EEC-CE4D-4788-AC3B-20FD49C569DD}
		{E097FFD3-30F4-4F69-9CAA-B578759A88AE} = {EA7C102A-83D9-4919-BC90-048056F9979C}
		{F65AA1FF-B9A0-461E-B3C0-F6B66C78151D} = {EA7C102A-83D9-4919-BC90-048056F9979C}
		{E03DA094-100F-4A07-AB88-15729D1FB2C6} = {EA7C102A-83D9-4919-BC90-048056F9979C}
		{81BACE28-7B27-4C73-9BD0-B8C6A0DCF96D} = {EA7C102A-83D9-4919-BC90-048056F9979C}
		{D23F4EE5-D8A9-42DF-B5F1-1BE0C271EB53} = {E097FFD3-30F4-4F69-9CAA-B578759A88AE}
		{607F55AB-CFFC-4036-9B01-91738F04C300} = {E03DA094-100F-4A07-AB88-15729D1FB2C6}
		{ED8C081B-ECFC-420B-996B-C138F947091A} = {81BACE28-7B27-4C73-9BD0-B8C6A0DCF96D}
		{4E6ADD99-DEFF-4D09-998A-9ACC4EBCD5C3} = {F65AA1FF-B9A0-461E-B3C0-F6B66C78151D}
		{331614EB-4572-45C1-AF3A-7F3B7F26AD72} = {E84E6EEC-CE4D-4788-AC3B-20FD49C569DD}
		{C33E231B-A2B6-457E-9D65-DE4B3879B311} = {331614EB-4572-45C1-AF3A-7F3B7F26AD72}
		{AF266648-25FA-4621-BFF0-79BC86C455DC} = {331614EB-4572-45C1-AF3A-7F3B7F26AD72}
		{F5B8A110-68A2-4040-A4B0-B361F3C33C0C} = {331614EB-4572-45C1-AF3A-7F3B7F26AD72}
		{E0A95B22-308D-4B3B-8E38-2010EC90977F} = {331614EB-4572-45C1-AF3A-7F3B7F26AD72}
		{63596BDE-98E7-4D36-8229-F0C0C70A861A} = {C33E231B-A2B6-457E-9D65-DE4B3879B311}
		{21D1B567-72D0-4944-9095-0FDFE42C0F77} = {AF266648-25FA-4621-BFF0-79BC86C455DC}
		{5A354DAF-19E1-4382-AD42-33244787E317} = {E0A95B22-308D-4B3B-8E38-2010EC90977F}
		{D18CA4D7-EAF8-4D18-9404-DD2FE6702A72} = {F5B8A110-68A2-4040-A4B0-B361F3C33C0C}
	EndGlobalSection
	GlobalSection(ExtensibilityGlobals) = postSolution
		SolutionGuid = {75AB1132-6922-493C-AB36-231EA7F9E5DF}
	EndGlobalSection
EndGlobal
