
Microsoft Visual Studio Solution File, Format Version 12.00
# Visual Studio Version 16
VisualStudioVersion = 16.0.30128.74
MinimumVisualStudioVersion = 10.0.40219.1
Project("{2150E333-8FDC-42A3-9474-1A3956D46DE8}") = "Microservices", "Microservices", "{E84E6EEC-CE4D-4788-AC3B-20FD49C569DD}"
EndProject
Project("{2150E333-8FDC-42A3-9474-1A3956D46DE8}") = "Domain", "Domain", "{4DF98924-3D08-4B7C-8990-A13E0681CD0B}"
EndProject
Project("{2150E333-8FDC-42A3-9474-1A3956D46DE8}") = "Infra.Bus", "Infra.Bus", "{4DDC6F32-B22A-4A41-B95E-8234557707FB}"
EndProject
Project("{2150E333-8FDC-42A3-9474-1A3956D46DE8}") = "Infra.IOC", "Infra.IOC", "{A20E2FEC-2612-49C9-ACE1-DAB3087694C0}"
EndProject
Project("{2150E333-8FDC-42A3-9474-1A3956D46DE8}") = "Presentation", "Presentation", "{6382C780-2AE0-4AFA-9972-60EBBA9D24F3}"
EndProject
Project("{FAE04EC0-301F-11D3-BF4B-00C04F79EFBC}") = "Microrabbit.Domain.Core", "Microrabbit.Domain.Core\Microrabbit.Domain.Core.csproj", "{3F379552-4042-4FD9-8E48-C81B5A39E2D4}"
EndProject
Project("{FAE04EC0-301F-11D3-BF4B-00C04F79EFBC}") = "Microrabbit.Infra.Bus", "Microrabbit.Infra.Bus\Microrabbit.Infra.Bus.csproj", "{77A97106-58D8-45E1-A8AF-51AE4B61D497}"
EndProject
Global
	GlobalSection(SolutionConfigurationPlatforms) = preSolution
		Debug|Any CPU = Debug|Any CPU
		Release|Any CPU = Release|Any CPU
	EndGlobalSection
	GlobalSection(ProjectConfigurationPlatforms) = postSolution
		{3F379552-4042-4FD9-8E48-C81B5A39E2D4}.Debug|Any CPU.ActiveCfg = Debug|Any CPU
		{3F379552-4042-4FD9-8E48-C81B5A39E2D4}.Debug|Any CPU.Build.0 = Debug|Any CPU
		{3F379552-4042-4FD9-8E48-C81B5A39E2D4}.Release|Any CPU.ActiveCfg = Release|Any CPU
		{3F379552-4042-4FD9-8E48-C81B5A39E2D4}.Release|Any CPU.Build.0 = Release|Any CPU
		{77A97106-58D8-45E1-A8AF-51AE4B61D497}.Debug|Any CPU.ActiveCfg = Debug|Any CPU
		{77A97106-58D8-45E1-A8AF-51AE4B61D497}.Debug|Any CPU.Build.0 = Debug|Any CPU
		{77A97106-58D8-45E1-A8AF-51AE4B61D497}.Release|Any CPU.ActiveCfg = Release|Any CPU
		{77A97106-58D8-45E1-A8AF-51AE4B61D497}.Release|Any CPU.Build.0 = Release|Any CPU
	EndGlobalSection
	GlobalSection(SolutionProperties) = preSolution
		HideSolutionNode = FALSE
	EndGlobalSection
	GlobalSection(NestedProjects) = preSolution
		{3F379552-4042-4FD9-8E48-C81B5A39E2D4} = {4DF98924-3D08-4B7C-8990-A13E0681CD0B}
		{77A97106-58D8-45E1-A8AF-51AE4B61D497} = {4DDC6F32-B22A-4A41-B95E-8234557707FB}
	EndGlobalSection
	GlobalSection(ExtensibilityGlobals) = postSolution
		SolutionGuid = {75AB1132-6922-493C-AB36-231EA7F9E5DF}
	EndGlobalSection
EndGlobal
